
Microsoft Visual Studio Solution File, Format Version 12.00
# Visual Studio Express 14 for Web
VisualStudioVersion = 14.0.25420.1
MinimumVisualStudioVersion = 10.0.40219.1
Project("{FAE04EC0-301F-11D3-BF4B-00C04F79EFBC}") = "QPC.Web", "QPC.Web\QPC.Web.csproj", "{63446D35-16E2-4BB0-B8E9-B0CABBAE7121}"
EndProject
Project("{FAE04EC0-301F-11D3-BF4B-00C04F79EFBC}") = "QPC.Web.Tests", "QPC.Web.Tests\QPC.Web.Tests.csproj", "{C0D77B5D-6BE2-4BEA-BDA0-DB69348FEC71}"
EndProject
Project("{FAE04EC0-301F-11D3-BF4B-00C04F79EFBC}") = "QPC.DataAccess", "QPC.DataAccess\QPC.DataAccess.csproj", "{15813D43-F473-4285-B7D6-281C10AB044D}"
EndProject
Project("{FAE04EC0-301F-11D3-BF4B-00C04F79EFBC}") = "QPC.Core", "QPC.Core\QPC.Core.csproj", "{8EB05178-7C21-4183-BD24-BDDCA008CB54}"
EndProject
Project("{FAE04EC0-301F-11D3-BF4B-00C04F79EFBC}") = "QPC.Api", "QPC.Api\QPC.Api.csproj", "{36C5E9B9-45BB-484A-BCF1-19E221DDA383}"
EndProject
Project("{FAE04EC0-301F-11D3-BF4B-00C04F79EFBC}") = "QPC.Api.Tests", "QPC.Api.Tests\QPC.Api.Tests.csproj", "{28BEA5FE-0CDF-4475-BC49-CF1814C2BF8B}"
EndProject
Global
	GlobalSection(SolutionConfigurationPlatforms) = preSolution
		Debug|Any CPU = Debug|Any CPU
		Release|Any CPU = Release|Any CPU
	EndGlobalSection
	GlobalSection(ProjectConfigurationPlatforms) = postSolution
		{63446D35-16E2-4BB0-B8E9-B0CABBAE7121}.Debug|Any CPU.ActiveCfg = Debug|Any CPU
		{63446D35-16E2-4BB0-B8E9-B0CABBAE7121}.Debug|Any CPU.Build.0 = Debug|Any CPU
		{63446D35-16E2-4BB0-B8E9-B0CABBAE7121}.Release|Any CPU.ActiveCfg = Release|Any CPU
		{63446D35-16E2-4BB0-B8E9-B0CABBAE7121}.Release|Any CPU.Build.0 = Release|Any CPU
		{C0D77B5D-6BE2-4BEA-BDA0-DB69348FEC71}.Debug|Any CPU.ActiveCfg = Debug|Any CPU
		{C0D77B5D-6BE2-4BEA-BDA0-DB69348FEC71}.Debug|Any CPU.Build.0 = Debug|Any CPU
		{C0D77B5D-6BE2-4BEA-BDA0-DB69348FEC71}.Release|Any CPU.ActiveCfg = Release|Any CPU
		{C0D77B5D-6BE2-4BEA-BDA0-DB69348FEC71}.Release|Any CPU.Build.0 = Release|Any CPU
		{15813D43-F473-4285-B7D6-281C10AB044D}.Debug|Any CPU.ActiveCfg = Debug|Any CPU
		{15813D43-F473-4285-B7D6-281C10AB044D}.Debug|Any CPU.Build.0 = Debug|Any CPU
		{15813D43-F473-4285-B7D6-281C10AB044D}.Release|Any CPU.ActiveCfg = Release|Any CPU
		{15813D43-F473-4285-B7D6-281C10AB044D}.Release|Any CPU.Build.0 = Release|Any CPU
		{8EB05178-7C21-4183-BD24-BDDCA008CB54}.Debug|Any CPU.ActiveCfg = Debug|Any CPU
		{8EB05178-7C21-4183-BD24-BDDCA008CB54}.Debug|Any CPU.Build.0 = Debug|Any CPU
		{8EB05178-7C21-4183-BD24-BDDCA008CB54}.Release|Any CPU.ActiveCfg = Release|Any CPU
		{8EB05178-7C21-4183-BD24-BDDCA008CB54}.Release|Any CPU.Build.0 = Release|Any CPU
		{36C5E9B9-45BB-484A-BCF1-19E221DDA383}.Debug|Any CPU.ActiveCfg = Debug|Any CPU
		{36C5E9B9-45BB-484A-BCF1-19E221DDA383}.Debug|Any CPU.Build.0 = Debug|Any CPU
		{36C5E9B9-45BB-484A-BCF1-19E221DDA383}.Release|Any CPU.ActiveCfg = Release|Any CPU
		{36C5E9B9-45BB-484A-BCF1-19E221DDA383}.Release|Any CPU.Build.0 = Release|Any CPU
		{28BEA5FE-0CDF-4475-BC49-CF1814C2BF8B}.Debug|Any CPU.ActiveCfg = Debug|Any CPU
		{28BEA5FE-0CDF-4475-BC49-CF1814C2BF8B}.Debug|Any CPU.Build.0 = Debug|Any CPU
		{28BEA5FE-0CDF-4475-BC49-CF1814C2BF8B}.Release|Any CPU.ActiveCfg = Release|Any CPU
		{28BEA5FE-0CDF-4475-BC49-CF1814C2BF8B}.Release|Any CPU.Build.0 = Release|Any CPU
	EndGlobalSection
	GlobalSection(SolutionProperties) = preSolution
		HideSolutionNode = FALSE
	EndGlobalSection
EndGlobal
